# THIS IS AN AUTOGENERATED FILE. DO NOT EDIT THIS FILE DIRECTLY.
# yarn lockfile v1


"@openzeppelin/contracts@^4.3.2":
  "integrity" "sha512-AybF1cesONZStg5kWf6ao9OlqTZuPqddvprc0ky7lrUVOjXeKpmQ2Y9FK+6ygxasb+4aic4O5pneFBfwVsRRRg=="
  "resolved" "https://registry.npmjs.org/@openzeppelin/contracts/-/contracts-4.3.2.tgz"
  "version" "4.3.2"

"ganache@^6.4.5":
  "integrity" "sha512-RVN/wOh3nEO4cG3PFojU7RXZTS+fYEW/mgg2bMZ8EdOP02T/HsQnw2b+fF2jKpdQ8ILz5EJWlWcZOGbzx2inNQ=="
  "resolved" "https://registry.npmjs.org/ganache/-/ganache-6.4.5.tgz"
  "version" "6.4.5"
